
Microsoft Visual Studio Solution File, Format Version 12.00
# Visual Studio Version 17
VisualStudioVersion = 17.3.32901.215
MinimumVisualStudioVersion = 10.0.40219.1
Project("{9A19103F-16F7-4668-BE54-9A1E7A4F7556}") = "BlockPatternAnimation", "BlockPatternAnimation\BlockPatternAnimation.csproj", "{39891255-ED19-41EE-B4C8-B3ECC0E65908}"
EndProject
Project("{9A19103F-16F7-4668-BE54-9A1E7A4F7556}") = "TextOutlineAnimation", "TextOutlineAnimation\TextOutlineAnimation.csproj", "{016E5BFB-2C66-4BB5-8AA1-698911ADFCAC}"
EndProject
Project("{9A19103F-16F7-4668-BE54-9A1E7A4F7556}") = "RealTimeBitmapAdapter", "RealTimeBitmapAdapter\RealTimeBitmapAdapter.csproj", "{D1C7CCF9-CAE7-4E96-9B5A-7644324DF994}"
EndProject
Project("{9A19103F-16F7-4668-BE54-9A1E7A4F7556}") = "Dialogs.Todo", "Dialogs.Todo\Dialogs.Todo.csproj", "{89A57F30-E835-4EEC-975B-94B1E95F2A58}"
EndProject
Project("{9A19103F-16F7-4668-BE54-9A1E7A4F7556}") = "Dialogs.Abstractions", "Dialogs.Abstractions\Dialogs.Abstractions.csproj", "{1B5F0387-5266-4C5B-8B35-984533876B85}"
EndProject
Project("{9A19103F-16F7-4668-BE54-9A1E7A4F7556}") = "SkiaBitmapAdapter", "SkiaBitmapAdapter\SkiaBitmapAdapter.csproj", "{696B38B7-3286-4848-9043-C8D2D175FAC6}"
EndProject
Project("{9A19103F-16F7-4668-BE54-9A1E7A4F7556}") = "SkiaRendering.InfiniteCanvas", "SkiaRendering.InfiniteCanvas\SkiaRendering.InfiniteCanvas.csproj", "{9D254244-3E66-478E-91E3-951CB6139DB8}"
EndProject
Project("{9A19103F-16F7-4668-BE54-9A1E7A4F7556}") = "SkiaRendering.ExpandingCircles", "SkiaRendering.ExpandingCircles\SkiaRendering.ExpandingCircles.csproj", "{770A7195-31EA-431A-8CCC-3078433B508C}"
EndProject
Project("{9A19103F-16F7-4668-BE54-9A1E7A4F7556}") = "ImageHotspot", "ImageHotspot\ImageHotspot.csproj", "{11FBC836-5115-4FCA-918C-9E5B4748F70B}"
EndProject
Project("{9A19103F-16F7-4668-BE54-9A1E7A4F7556}") = "NoSchemaCsv.Immutable", "NoSchemaCsv.Immutable\NoSchemaCsv.Immutable.csproj", "{00D27A5E-2428-4B78-BEF6-39D60D9AF110}"
EndProject
Project("{9A19103F-16F7-4668-BE54-9A1E7A4F7556}") = "Debugging", "Debugging\Debugging.csproj", "{C9505BD9-70DA-4905-B5CC-A6471928CA6E}"
EndProject
Project("{9A19103F-16F7-4668-BE54-9A1E7A4F7556}") = "TextHighlighting", "TextHighlighting\TextHighlighting.csproj", "{B93F9F04-5F52-45A9-AE01-7135D8287979}"
EndProject
Project("{FAE04EC0-301F-11D3-BF4B-00C04F79EFBC}") = "SwipeNavigation", "SwipeNavigation\SwipeNavigation.csproj", "{18539E36-6717-4A9C-9683-2D77DD7CEDA6}"
EndProject
Global
	GlobalSection(SolutionConfigurationPlatforms) = preSolution
		Debug|Any CPU = Debug|Any CPU
		Release|Any CPU = Release|Any CPU
	EndGlobalSection
	GlobalSection(ProjectConfigurationPlatforms) = postSolution
		{39891255-ED19-41EE-B4C8-B3ECC0E65908}.Debug|Any CPU.ActiveCfg = Debug|Any CPU
		{39891255-ED19-41EE-B4C8-B3ECC0E65908}.Debug|Any CPU.Build.0 = Debug|Any CPU
		{39891255-ED19-41EE-B4C8-B3ECC0E65908}.Release|Any CPU.ActiveCfg = Release|Any CPU
		{39891255-ED19-41EE-B4C8-B3ECC0E65908}.Release|Any CPU.Build.0 = Release|Any CPU
		{016E5BFB-2C66-4BB5-8AA1-698911ADFCAC}.Debug|Any CPU.ActiveCfg = Debug|Any CPU
		{016E5BFB-2C66-4BB5-8AA1-698911ADFCAC}.Debug|Any CPU.Build.0 = Debug|Any CPU
		{016E5BFB-2C66-4BB5-8AA1-698911ADFCAC}.Release|Any CPU.ActiveCfg = Release|Any CPU
		{016E5BFB-2C66-4BB5-8AA1-698911ADFCAC}.Release|Any CPU.Build.0 = Release|Any CPU
		{D1C7CCF9-CAE7-4E96-9B5A-7644324DF994}.Debug|Any CPU.ActiveCfg = Debug|Any CPU
		{D1C7CCF9-CAE7-4E96-9B5A-7644324DF994}.Debug|Any CPU.Build.0 = Debug|Any CPU
		{D1C7CCF9-CAE7-4E96-9B5A-7644324DF994}.Release|Any CPU.ActiveCfg = Release|Any CPU
		{D1C7CCF9-CAE7-4E96-9B5A-7644324DF994}.Release|Any CPU.Build.0 = Release|Any CPU
		{89A57F30-E835-4EEC-975B-94B1E95F2A58}.Debug|Any CPU.ActiveCfg = Debug|Any CPU
		{89A57F30-E835-4EEC-975B-94B1E95F2A58}.Debug|Any CPU.Build.0 = Debug|Any CPU
		{89A57F30-E835-4EEC-975B-94B1E95F2A58}.Release|Any CPU.ActiveCfg = Release|Any CPU
		{89A57F30-E835-4EEC-975B-94B1E95F2A58}.Release|Any CPU.Build.0 = Release|Any CPU
		{1B5F0387-5266-4C5B-8B35-984533876B85}.Debug|Any CPU.ActiveCfg = Debug|Any CPU
		{1B5F0387-5266-4C5B-8B35-984533876B85}.Debug|Any CPU.Build.0 = Debug|Any CPU
		{1B5F0387-5266-4C5B-8B35-984533876B85}.Release|Any CPU.ActiveCfg = Release|Any CPU
		{1B5F0387-5266-4C5B-8B35-984533876B85}.Release|Any CPU.Build.0 = Release|Any CPU
		{696B38B7-3286-4848-9043-C8D2D175FAC6}.Debug|Any CPU.ActiveCfg = Debug|Any CPU
		{696B38B7-3286-4848-9043-C8D2D175FAC6}.Debug|Any CPU.Build.0 = Debug|Any CPU
		{696B38B7-3286-4848-9043-C8D2D175FAC6}.Release|Any CPU.ActiveCfg = Release|Any CPU
		{696B38B7-3286-4848-9043-C8D2D175FAC6}.Release|Any CPU.Build.0 = Release|Any CPU
		{9D254244-3E66-478E-91E3-951CB6139DB8}.Debug|Any CPU.ActiveCfg = Debug|Any CPU
		{9D254244-3E66-478E-91E3-951CB6139DB8}.Debug|Any CPU.Build.0 = Debug|Any CPU
		{9D254244-3E66-478E-91E3-951CB6139DB8}.Release|Any CPU.ActiveCfg = Release|Any CPU
		{9D254244-3E66-478E-91E3-951CB6139DB8}.Release|Any CPU.Build.0 = Release|Any CPU
		{770A7195-31EA-431A-8CCC-3078433B508C}.Debug|Any CPU.ActiveCfg = Debug|Any CPU
		{770A7195-31EA-431A-8CCC-3078433B508C}.Debug|Any CPU.Build.0 = Debug|Any CPU
		{770A7195-31EA-431A-8CCC-3078433B508C}.Release|Any CPU.ActiveCfg = Release|Any CPU
		{770A7195-31EA-431A-8CCC-3078433B508C}.Release|Any CPU.Build.0 = Release|Any CPU
		{11FBC836-5115-4FCA-918C-9E5B4748F70B}.Debug|Any CPU.ActiveCfg = Debug|Any CPU
		{11FBC836-5115-4FCA-918C-9E5B4748F70B}.Debug|Any CPU.Build.0 = Debug|Any CPU
		{11FBC836-5115-4FCA-918C-9E5B4748F70B}.Release|Any CPU.ActiveCfg = Release|Any CPU
		{11FBC836-5115-4FCA-918C-9E5B4748F70B}.Release|Any CPU.Build.0 = Release|Any CPU
		{00D27A5E-2428-4B78-BEF6-39D60D9AF110}.Debug|Any CPU.ActiveCfg = Debug|Any CPU
		{00D27A5E-2428-4B78-BEF6-39D60D9AF110}.Debug|Any CPU.Build.0 = Debug|Any CPU
		{00D27A5E-2428-4B78-BEF6-39D60D9AF110}.Release|Any CPU.ActiveCfg = Release|Any CPU
		{00D27A5E-2428-4B78-BEF6-39D60D9AF110}.Release|Any CPU.Build.0 = Release|Any CPU
		{C9505BD9-70DA-4905-B5CC-A6471928CA6E}.Debug|Any CPU.ActiveCfg = Debug|Any CPU
		{C9505BD9-70DA-4905-B5CC-A6471928CA6E}.Debug|Any CPU.Build.0 = Debug|Any CPU
		{C9505BD9-70DA-4905-B5CC-A6471928CA6E}.Release|Any CPU.ActiveCfg = Release|Any CPU
		{C9505BD9-70DA-4905-B5CC-A6471928CA6E}.Release|Any CPU.Build.0 = Release|Any CPU
		{B93F9F04-5F52-45A9-AE01-7135D8287979}.Debug|Any CPU.ActiveCfg = Debug|Any CPU
		{B93F9F04-5F52-45A9-AE01-7135D8287979}.Debug|Any CPU.Build.0 = Debug|Any CPU
		{B93F9F04-5F52-45A9-AE01-7135D8287979}.Release|Any CPU.ActiveCfg = Release|Any CPU
		{B93F9F04-5F52-45A9-AE01-7135D8287979}.Release|Any CPU.Build.0 = Release|Any CPU
		{18539E36-6717-4A9C-9683-2D77DD7CEDA6}.Debug|Any CPU.ActiveCfg = Debug|Any CPU
		{18539E36-6717-4A9C-9683-2D77DD7CEDA6}.Debug|Any CPU.Build.0 = Debug|Any CPU
		{18539E36-6717-4A9C-9683-2D77DD7CEDA6}.Release|Any CPU.ActiveCfg = Release|Any CPU
		{18539E36-6717-4A9C-9683-2D77DD7CEDA6}.Release|Any CPU.Build.0 = Release|Any CPU
	EndGlobalSection
	GlobalSection(SolutionProperties) = preSolution
		HideSolutionNode = FALSE
	EndGlobalSection
	GlobalSection(ExtensibilityGlobals) = postSolution
		SolutionGuid = {9A672C29-35AF-4AC8-B533-D048EB67DFF6}
	EndGlobalSection
EndGlobal
